
Microsoft Visual Studio Solution File, Format Version 12.00
# Visual Studio 15
VisualStudioVersion = 15.0.28307.572
MinimumVisualStudioVersion = 10.0.40219.1
Project("{FAE04EC0-301F-11D3-BF4B-00C04F79EFBC}") = "SimpleApp", "SimpleApp\SimpleApp.csproj", "{0A249A9A-6486-48E9-A014-6A177566AD74}"
EndProject
Global
	GlobalSection(SolutionConfigurationPlatforms) = preSolution
		Debug|Any CPU = Debug|Any CPU
		Release|Any CPU = Release|Any CPU
	EndGlobalSection
	GlobalSection(ProjectConfigurationPlatforms) = postSolution
		{0A249A9A-6486-48E9-A014-6A177566AD74}.Debug|Any CPU.ActiveCfg = Debug|Any CPU
		{0A249A9A-6486-48E9-A014-6A177566AD74}.Debug|Any CPU.Build.0 = Debug|Any CPU
		{0A249A9A-6486-48E9-A014-6A177566AD74}.Release|Any CPU.ActiveCfg = Release|Any CPU
		{0A249A9A-6486-48E9-A014-6A177566AD74}.Release|Any CPU.Build.0 = Release|Any CPU
	EndGlobalSection
	GlobalSection(SolutionProperties) = preSolution
		HideSolutionNode = FALSE
	EndGlobalSection
	GlobalSection(ExtensibilityGlobals) = postSolution
		SolutionGuid = {7357C320-E93B-4A0A-A21C-D186C8DAE4BA}
	EndGlobalSection
EndGlobal
